
Microsoft Visual Studio Solution File, Format Version 12.00
# Visual Studio 15
VisualStudioVersion = 15.0.28307.489
MinimumVisualStudioVersion = 10.0.40219.1
Project("{9A19103F-16F7-4668-BE54-9A1E7A4F7556}") = "HnC.Tests", "HnC.Tests\HnC.Tests.csproj", "{E0685DA9-A514-4A4A-B7CC-81324AD1C772}"
EndProject
Project("{2150E333-8FDC-42A3-9474-1A3956D46DE8}") = "Tests", "Tests", "{12BF38CD-BE5E-4200-AAE4-D4CA3C3A5FC7}"
EndProject
Global
	GlobalSection(SolutionConfigurationPlatforms) = preSolution
		Debug|Any CPU = Debug|Any CPU
		Release|Any CPU = Release|Any CPU
	EndGlobalSection
	GlobalSection(ProjectConfigurationPlatforms) = postSolution
		{E0685DA9-A514-4A4A-B7CC-81324AD1C772}.Debug|Any CPU.ActiveCfg = Debug|Any CPU
		{E0685DA9-A514-4A4A-B7CC-81324AD1C772}.Debug|Any CPU.Build.0 = Debug|Any CPU
		{E0685DA9-A514-4A4A-B7CC-81324AD1C772}.Release|Any CPU.ActiveCfg = Release|Any CPU
		{E0685DA9-A514-4A4A-B7CC-81324AD1C772}.Release|Any CPU.Build.0 = Release|Any CPU
	EndGlobalSection
	GlobalSection(SolutionProperties) = preSolution
		HideSolutionNode = FALSE
	EndGlobalSection
	GlobalSection(NestedProjects) = preSolution
		{E0685DA9-A514-4A4A-B7CC-81324AD1C772} = {12BF38CD-BE5E-4200-AAE4-D4CA3C3A5FC7}
	EndGlobalSection
	GlobalSection(ExtensibilityGlobals) = postSolution
		SolutionGuid = {9816B22F-6C9D-476E-ADBA-C3093495F4BF}
	EndGlobalSection
EndGlobal
